
Microsoft Visual Studio Solution File, Format Version 12.00
# Visual Studio 15
VisualStudioVersion = 15.0.28010.2016
MinimumVisualStudioVersion = 10.0.40219.1
Project("{FAE04EC0-301F-11D3-BF4B-00C04F79EFBC}") = "Main", "TpNum3\Main.csproj", "{69332B76-0863-44D6-8896-DFF18FBA308B}"
EndProject
Project("{FAE04EC0-301F-11D3-BF4B-00C04F79EFBC}") = "Archivos", "Archivos\Archivos.csproj", "{32D86926-2F72-43BC-8490-088751456C62}"
EndProject
Project("{FAE04EC0-301F-11D3-BF4B-00C04F79EFBC}") = "EntidadesAbstractas", "ClasesAbstractas\EntidadesAbstractas.csproj", "{403C645F-7D00-4466-9EFE-840C1E4044B2}"
EndProject
Project("{FAE04EC0-301F-11D3-BF4B-00C04F79EFBC}") = "Excepciones", "Excepciones\Excepciones.csproj", "{20E6B62D-83A5-49E5-99A8-613431CCBB87}"
EndProject
Project("{FAE04EC0-301F-11D3-BF4B-00C04F79EFBC}") = "EntidadesInstanciables", "EntidadesInstanciables\EntidadesInstanciables.csproj", "{9C2E118E-AEA1-4427-A067-D28C0254C84C}"
EndProject
Project("{FAE04EC0-301F-11D3-BF4B-00C04F79EFBC}") = "TestUnitarios.cs", "TestUnitarios.cs\TestUnitarios.cs.csproj", "{CF73A661-C3FE-456F-9E7B-65F21269705A}"
EndProject
Global
	GlobalSection(SolutionConfigurationPlatforms) = preSolution
		Debug|Any CPU = Debug|Any CPU
		Release|Any CPU = Release|Any CPU
	EndGlobalSection
	GlobalSection(ProjectConfigurationPlatforms) = postSolution
		{69332B76-0863-44D6-8896-DFF18FBA308B}.Debug|Any CPU.ActiveCfg = Debug|Any CPU
		{69332B76-0863-44D6-8896-DFF18FBA308B}.Debug|Any CPU.Build.0 = Debug|Any CPU
		{69332B76-0863-44D6-8896-DFF18FBA308B}.Release|Any CPU.ActiveCfg = Release|Any CPU
		{69332B76-0863-44D6-8896-DFF18FBA308B}.Release|Any CPU.Build.0 = Release|Any CPU
		{32D86926-2F72-43BC-8490-088751456C62}.Debug|Any CPU.ActiveCfg = Debug|Any CPU
		{32D86926-2F72-43BC-8490-088751456C62}.Debug|Any CPU.Build.0 = Debug|Any CPU
		{32D86926-2F72-43BC-8490-088751456C62}.Release|Any CPU.ActiveCfg = Release|Any CPU
		{32D86926-2F72-43BC-8490-088751456C62}.Release|Any CPU.Build.0 = Release|Any CPU
		{403C645F-7D00-4466-9EFE-840C1E4044B2}.Debug|Any CPU.ActiveCfg = Debug|Any CPU
		{403C645F-7D00-4466-9EFE-840C1E4044B2}.Debug|Any CPU.Build.0 = Debug|Any CPU
		{403C645F-7D00-4466-9EFE-840C1E4044B2}.Release|Any CPU.ActiveCfg = Release|Any CPU
		{403C645F-7D00-4466-9EFE-840C1E4044B2}.Release|Any CPU.Build.0 = Release|Any CPU
		{20E6B62D-83A5-49E5-99A8-613431CCBB87}.Debug|Any CPU.ActiveCfg = Debug|Any CPU
		{20E6B62D-83A5-49E5-99A8-613431CCBB87}.Debug|Any CPU.Build.0 = Debug|Any CPU
		{20E6B62D-83A5-49E5-99A8-613431CCBB87}.Release|Any CPU.ActiveCfg = Release|Any CPU
		{20E6B62D-83A5-49E5-99A8-613431CCBB87}.Release|Any CPU.Build.0 = Release|Any CPU
		{9C2E118E-AEA1-4427-A067-D28C0254C84C}.Debug|Any CPU.ActiveCfg = Debug|Any CPU
		{9C2E118E-AEA1-4427-A067-D28C0254C84C}.Debug|Any CPU.Build.0 = Debug|Any CPU
		{9C2E118E-AEA1-4427-A067-D28C0254C84C}.Release|Any CPU.ActiveCfg = Release|Any CPU
		{9C2E118E-AEA1-4427-A067-D28C0254C84C}.Release|Any CPU.Build.0 = Release|Any CPU
		{CF73A661-C3FE-456F-9E7B-65F21269705A}.Debug|Any CPU.ActiveCfg = Debug|Any CPU
		{CF73A661-C3FE-456F-9E7B-65F21269705A}.Debug|Any CPU.Build.0 = Debug|Any CPU
		{CF73A661-C3FE-456F-9E7B-65F21269705A}.Release|Any CPU.ActiveCfg = Release|Any CPU
		{CF73A661-C3FE-456F-9E7B-65F21269705A}.Release|Any CPU.Build.0 = Release|Any CPU
	EndGlobalSection
	GlobalSection(SolutionProperties) = preSolution
		HideSolutionNode = FALSE
	EndGlobalSection
	GlobalSection(ExtensibilityGlobals) = postSolution
		SolutionGuid = {DA9548E6-2876-4E92-AB3A-8F331133F671}
	EndGlobalSection
EndGlobal
